
Microsoft Visual Studio Solution File, Format Version 12.00
# Visual Studio Version 16
VisualStudioVersion = 16.0.29920.165
MinimumVisualStudioVersion = 10.0.40219.1
Project("{9A19103F-16F7-4668-BE54-9A1E7A4F7556}") = "Ray.EssayNotes.DDD.StartupDemo", "01.StartupDemo\Ray.EssayNotes.DDD.StartupDemo\Ray.EssayNotes.DDD.StartupDemo.csproj", "{C3B3DC60-18B7-4E03-BAAA-842B0E6E2652}"
EndProject
Project("{2150E333-8FDC-42A3-9474-1A3956D46DE8}") = "01.StartupDemo", "01.StartupDemo", "{BB7466E3-3B73-483F-85BC-58C49BA0ADCA}"
EndProject
Project("{2150E333-8FDC-42A3-9474-1A3956D46DE8}") = "02.DependencyInjectionDemo", "02.DependencyInjectionDemo", "{8D94E2C3-D01C-4D66-8C18-46FF03B58D16}"
EndProject
Project("{2150E333-8FDC-42A3-9474-1A3956D46DE8}") = "1.MicroSoftDI", "1.MicroSoftDI", "{6BAB1906-B64D-430A-A453-D09119AF7462}"
EndProject
Project("{2150E333-8FDC-42A3-9474-1A3956D46DE8}") = "2.Autofac", "2.Autofac", "{0D512DC6-5544-442B-B4E5-1B6363D416AD}"
EndProject
Project("{9A19103F-16F7-4668-BE54-9A1E7A4F7556}") = "Ray.EssayNotes.DDD.DiDemo", "02.DependencyInjectionDemo\1.MicroSoftDI\Ray.EssayNotes.DDD.DiDemo\Ray.EssayNotes.DDD.DiDemo\Ray.EssayNotes.DDD.DiDemo.csproj", "{6E68EC6A-4B6C-4EA8-A3A7-3E550B195727}"
EndProject
Project("{9A19103F-16F7-4668-BE54-9A1E7A4F7556}") = "Ray.EssayNotes.DDD.ScopeAndDisposableDemo", "02.DependencyInjectionDemo\1.MicroSoftDI\Ray.EssayNotes.DDD.ScopeAndDisposableDemo\Ray.EssayNotes.DDD.ScopeAndDisposableDemo.csproj", "{8452AEC8-1BDC-45D0-8704-00E7902ED58F}"
EndProject
Project("{2150E333-8FDC-42A3-9474-1A3956D46DE8}") = "00.Shared", "00.Shared", "{FD6240CB-4F81-4B87-BB78-59DB99E49408}"
EndProject
Project("{2150E333-8FDC-42A3-9474-1A3956D46DE8}") = "03.ConfigurationDemo", "03.ConfigurationDemo", "{BDD1F0FF-9369-46E5-8491-65D5FD04CA7B}"
EndProject
Project("{2150E333-8FDC-42A3-9474-1A3956D46DE8}") = "1.ConfigurationDemo", "1.ConfigurationDemo", "{73F3DC75-6046-459C-92B8-498807754A77}"
EndProject
Project("{2150E333-8FDC-42A3-9474-1A3956D46DE8}") = "2.ConfigurationCommandLineDemo", "2.ConfigurationCommandLineDemo", "{88BA3C9F-27DF-4113-81CE-4459A8BA912B}"
EndProject
Project("{9A19103F-16F7-4668-BE54-9A1E7A4F7556}") = "Ray.EssayNotes.DDD.DiAutofacDemo", "02.DependencyInjectionDemo\2.Autofac\Ray.EssayNotes.DDD.DiAutofacDemo\Ray.EssayNotes.DDD.DiAutofacDemo.csproj", "{E6460635-13E0-48DC-A0F5-1143B2E9D612}"
EndProject
Project("{9A19103F-16F7-4668-BE54-9A1E7A4F7556}") = "Ray.EssayNotes.DDD.ConfigurationDemo", "03.ConfigurationDemo\1.ConfigurationDemo\Ray.EssayNotes.DDD.ConfigurationDemo\Ray.EssayNotes.DDD.ConfigurationDemo.csproj", "{49937DC3-7655-42BF-9932-AC66FE4E4BED}"
EndProject
Project("{9A19103F-16F7-4668-BE54-9A1E7A4F7556}") = "Ray.EssayNotes.DDD.ConfigurationCommandLineDemo", "03.ConfigurationDemo\2.ConfigurationCommandLineDemo\Ray.EssayNotes.DDD.ConfigurationCommandLineDemo\Ray.EssayNotes.DDD.ConfigurationCommandLineDemo.csproj", "{5161C25F-0CC1-4F93-8F20-5099C8AB9714}"
EndProject
Project("{2150E333-8FDC-42A3-9474-1A3956D46DE8}") = "3.ConfigurationEnvironmentVariablesDemo", "3.ConfigurationEnvironmentVariablesDemo", "{3413FF34-8EDB-4A9D-A9B1-12B61BEB6DA4}"
EndProject
Project("{9A19103F-16F7-4668-BE54-9A1E7A4F7556}") = "Ray.EssayNotes.DDD.ConfigurationEnvironmentVariablesDemo", "03.ConfigurationDemo\3.EnvironmentVariablesDemo\Ray.EssayNotes.DDD.ConfigurationEnvironmentVariablesDemo\Ray.EssayNotes.DDD.ConfigurationEnvironmentVariablesDemo.csproj", "{E5152DE8-89C1-47F7-8D37-96C53FC070BB}"
EndProject
Project("{2150E333-8FDC-42A3-9474-1A3956D46DE8}") = "4.DIY", "4.DIY", "{10FE624F-C074-4899-B120-D47DE183743D}"
EndProject
Project("{9A19103F-16F7-4668-BE54-9A1E7A4F7556}") = "Ray.EssayNotes.DDD.ConfigurationDIY", "03.ConfigurationDemo\4.ConfigurationDIY\Ray.EssayNotes.DDD.ConfigurationDIY\Ray.EssayNotes.DDD.ConfigurationDIY.csproj", "{440C7A88-5CEA-4620-9F7C-015486FC0643}"
EndProject
Project("{9A19103F-16F7-4668-BE54-9A1E7A4F7556}") = "Ray.EssayNotes.DDD.DbConfigurationDemo", "03.ConfigurationDemo\5.DbConfigurationDemo\Ray.EssayNotes.DDD.DbConfigurationDemo\Ray.EssayNotes.DDD.DbConfigurationDemo.csproj", "{B2369ADB-509A-4CC1-823C-E68C7C2E45E8}"
EndProject
Project("{2150E333-8FDC-42A3-9474-1A3956D46DE8}") = "04.OptionsDemo", "04.OptionsDemo", "{D28EB9D3-8A32-4C82-A17D-47D4C789D190}"
EndProject
Project("{9A19103F-16F7-4668-BE54-9A1E7A4F7556}") = "Ray.EssayNotes.DDD.OptionsDemo", "04.OptionsDemo\Ray.EssayNotes.DDD.OptionsDemo\Ray.EssayNotes.DDD.OptionsDemo.csproj", "{965893BA-62FD-45C3-A932-DA2B818320AC}"
EndProject
Project("{9A19103F-16F7-4668-BE54-9A1E7A4F7556}") = "Ray.Infrastructure", "00.Shared\Ray.Infrastructure\Ray.Infrastructure.csproj", "{52E2FA35-045C-427C-9796-8EEB61002CFD}"
EndProject
Project("{2150E333-8FDC-42A3-9474-1A3956D46DE8}") = "05.LogDemo", "05.LogDemo", "{E9F16076-4B83-4240-BEB4-013878CD7FB5}"
EndProject
Project("{2150E333-8FDC-42A3-9474-1A3956D46DE8}") = "1.SimpleDemo", "1.SimpleDemo", "{FDCEB9EE-B3E2-4C0E-8875-BB5CE7387579}"
EndProject
Project("{2150E333-8FDC-42A3-9474-1A3956D46DE8}") = "2.WebApiDemo", "2.WebApiDemo", "{7666EEB8-DF9F-4BB3-8931-A056763DCB96}"
EndProject
Project("{2150E333-8FDC-42A3-9474-1A3956D46DE8}") = "3.SerilogDemo", "3.SerilogDemo", "{BDD9B18D-74B4-4DAF-B828-A49290EE9080}"
EndProject
Project("{9A19103F-16F7-4668-BE54-9A1E7A4F7556}") = "Ray.EssayNotes.DDD.LogSimpleDemo", "05.LoggingDemo\1.SimpleDemo\Ray.EssayNotes.DDD.LogSimpleDemo\Ray.EssayNotes.DDD.LogSimpleDemo.csproj", "{86247E4C-3E06-4001-B20C-7C5E68A48401}"
EndProject
Project("{9A19103F-16F7-4668-BE54-9A1E7A4F7556}") = "Ray.EssayNotes.DDD.LogWebApiDemo", "05.LoggingDemo\2.WebApiDemo\Ray.EssayNotes.DDD.LogWebApiDemo\Ray.EssayNotes.DDD.LogWebApiDemo.csproj", "{4E799E25-BAF1-45EF-8805-9B3E20D31181}"
EndProject
Project("{9A19103F-16F7-4668-BE54-9A1E7A4F7556}") = "Ray.EssayNotes.DDDSerilogDemo", "05.LoggingDemo\3.SerilogDemo\Ray.EssayNotes.DDDSerilogDemo\Ray.EssayNotes.DDDSerilogDemo.csproj", "{F747B46D-5017-47E9-9422-97272D9268C7}"
EndProject
Project("{2150E333-8FDC-42A3-9474-1A3956D46DE8}") = "06.MiddlewareDemo", "06.MiddlewareDemo", "{CCADE3C1-06D4-4854-9961-D0343D230D0A}"
EndProject
Project("{9A19103F-16F7-4668-BE54-9A1E7A4F7556}") = "Ray.EssayNotes.MiddlewareDemo", "06.MiddlewareDemo\Ray.EssayNotes.MiddlewareDemo\Ray.EssayNotes.MiddlewareDemo.csproj", "{A637DC68-EF0B-41A1-A591-F9D5DC0C7D4C}"
EndProject
Project("{2150E333-8FDC-42A3-9474-1A3956D46DE8}") = "07.ExceptionDemo", "07.ExceptionDemo", "{5760A31B-CC58-4725-9D1A-F4DC6392AD19}"
EndProject
Project("{9A19103F-16F7-4668-BE54-9A1E7A4F7556}") = "Ray.EssayNotes.ExceptionDemo", "07.ExceptionDemo\Ray.EssayNotes.ExceptionDemo\Ray.EssayNotes.ExceptionDemo.csproj", "{7028259A-89EF-4B16-A011-0FD608B7FCD7}"
EndProject
Project("{2150E333-8FDC-42A3-9474-1A3956D46DE8}") = "08.StaticFilesDemo", "08.StaticFilesDemo", "{2202A3B8-627D-4151-AC6C-FBFFBC03B5E3}"
EndProject
Project("{9A19103F-16F7-4668-BE54-9A1E7A4F7556}") = "Ray.EssayNotes.StaticFilesDemo", "08.StaticFilesDemo\Ray.EssayNotes.StaticFilesDemo\Ray.EssayNotes.StaticFilesDemo.csproj", "{935EAD8F-F2E9-45F5-86C4-54620EAEBF6F}"
EndProject
Project("{2150E333-8FDC-42A3-9474-1A3956D46DE8}") = "09.FileProviderDemo", "09.FileProviderDemo", "{8FD89CB2-304E-43D4-BE11-0A29AC07E40C}"
EndProject
Project("{9A19103F-16F7-4668-BE54-9A1E7A4F7556}") = "Ray.EssayNotes.FileProviderDemo", "09.FileProviderDemo\Ray.EssayNotes.FileProviderDemo\Ray.EssayNotes.FileProviderDemo.csproj", "{09748B4B-6CF6-4A25-9A06-11073DB227EB}"
EndProject
Project("{2150E333-8FDC-42A3-9474-1A3956D46DE8}") = "10.RoutingDemo", "10.RoutingDemo", "{F856A790-830A-4C2D-8577-318BC6A1A71B}"
EndProject
Project("{9A19103F-16F7-4668-BE54-9A1E7A4F7556}") = "Ray.EssayNotes.RoutingDemo", "10.RoutingDemo\Ray.EssayNotes.RoutingDemo\Ray.EssayNotes.RoutingDemo.csproj", "{EBD78E1C-2A4F-4D19-B08A-DAF144B2CF88}"
EndProject
Project("{2150E333-8FDC-42A3-9474-1A3956D46DE8}") = "11.MediatorDemo", "11.MediatorDemo", "{496BDD87-A426-4FC0-AD33-92250B2E7E47}"
EndProject
Project("{9A19103F-16F7-4668-BE54-9A1E7A4F7556}") = "Ray.EssayNotes.MediatorDemo", "11.MediatorDemo\Ray.EssayNotes.MediatorDemo\Ray.EssayNotes.MediatorDemo.csproj", "{F7FB0395-A695-4889-A1AE-64EDFD1F3D26}"
EndProject
Project("{9A19103F-16F7-4668-BE54-9A1E7A4F7556}") = "Ray.EssayNotes.DirectoryDemo", "08.StaticFilesDemo\Ray.EssayNotes.DirectoryDemo\Ray.EssayNotes.DirectoryDemo.csproj", "{B9AEC7F8-7C43-4EA6-A589-49571D6C0D5A}"
EndProject
Project("{2150E333-8FDC-42A3-9474-1A3956D46DE8}") = "5.CoreApi", "5.CoreApi", "{30E8B3E2-74C8-4941-ADCD-FB6F65F14363}"
EndProject
Project("{9A19103F-16F7-4668-BE54-9A1E7A4F7556}") = "Ray.EssayNotes.DDD.ConfigurationApiDemo", "03.ConfigurationDemo\6.ConfigurationApiDemo\Ray.EssayNotes.DDD.ConfigurationApiDemo\Ray.EssayNotes.DDD.ConfigurationApiDemo.csproj", "{5AA64307-EBBD-48D6-B75B-1E72B02452AD}"
EndProject
Global
	GlobalSection(SolutionConfigurationPlatforms) = preSolution
		Debug|Any CPU = Debug|Any CPU
		Release|Any CPU = Release|Any CPU
	EndGlobalSection
	GlobalSection(ProjectConfigurationPlatforms) = postSolution
		{C3B3DC60-18B7-4E03-BAAA-842B0E6E2652}.Debug|Any CPU.ActiveCfg = Debug|Any CPU
		{C3B3DC60-18B7-4E03-BAAA-842B0E6E2652}.Debug|Any CPU.Build.0 = Debug|Any CPU
		{C3B3DC60-18B7-4E03-BAAA-842B0E6E2652}.Release|Any CPU.ActiveCfg = Release|Any CPU
		{C3B3DC60-18B7-4E03-BAAA-842B0E6E2652}.Release|Any CPU.Build.0 = Release|Any CPU
		{6E68EC6A-4B6C-4EA8-A3A7-3E550B195727}.Debug|Any CPU.ActiveCfg = Debug|Any CPU
		{6E68EC6A-4B6C-4EA8-A3A7-3E550B195727}.Debug|Any CPU.Build.0 = Debug|Any CPU
		{6E68EC6A-4B6C-4EA8-A3A7-3E550B195727}.Release|Any CPU.ActiveCfg = Release|Any CPU
		{6E68EC6A-4B6C-4EA8-A3A7-3E550B195727}.Release|Any CPU.Build.0 = Release|Any CPU
		{8452AEC8-1BDC-45D0-8704-00E7902ED58F}.Debug|Any CPU.ActiveCfg = Debug|Any CPU
		{8452AEC8-1BDC-45D0-8704-00E7902ED58F}.Debug|Any CPU.Build.0 = Debug|Any CPU
		{8452AEC8-1BDC-45D0-8704-00E7902ED58F}.Release|Any CPU.ActiveCfg = Release|Any CPU
		{8452AEC8-1BDC-45D0-8704-00E7902ED58F}.Release|Any CPU.Build.0 = Release|Any CPU
		{E6460635-13E0-48DC-A0F5-1143B2E9D612}.Debug|Any CPU.ActiveCfg = Debug|Any CPU
		{E6460635-13E0-48DC-A0F5-1143B2E9D612}.Debug|Any CPU.Build.0 = Debug|Any CPU
		{E6460635-13E0-48DC-A0F5-1143B2E9D612}.Release|Any CPU.ActiveCfg = Release|Any CPU
		{E6460635-13E0-48DC-A0F5-1143B2E9D612}.Release|Any CPU.Build.0 = Release|Any CPU
		{49937DC3-7655-42BF-9932-AC66FE4E4BED}.Debug|Any CPU.ActiveCfg = Debug|Any CPU
		{49937DC3-7655-42BF-9932-AC66FE4E4BED}.Debug|Any CPU.Build.0 = Debug|Any CPU
		{49937DC3-7655-42BF-9932-AC66FE4E4BED}.Release|Any CPU.ActiveCfg = Release|Any CPU
		{49937DC3-7655-42BF-9932-AC66FE4E4BED}.Release|Any CPU.Build.0 = Release|Any CPU
		{5161C25F-0CC1-4F93-8F20-5099C8AB9714}.Debug|Any CPU.ActiveCfg = Debug|Any CPU
		{5161C25F-0CC1-4F93-8F20-5099C8AB9714}.Debug|Any CPU.Build.0 = Debug|Any CPU
		{5161C25F-0CC1-4F93-8F20-5099C8AB9714}.Release|Any CPU.ActiveCfg = Release|Any CPU
		{5161C25F-0CC1-4F93-8F20-5099C8AB9714}.Release|Any CPU.Build.0 = Release|Any CPU
		{E5152DE8-89C1-47F7-8D37-96C53FC070BB}.Debug|Any CPU.ActiveCfg = Debug|Any CPU
		{E5152DE8-89C1-47F7-8D37-96C53FC070BB}.Debug|Any CPU.Build.0 = Debug|Any CPU
		{E5152DE8-89C1-47F7-8D37-96C53FC070BB}.Release|Any CPU.ActiveCfg = Release|Any CPU
		{E5152DE8-89C1-47F7-8D37-96C53FC070BB}.Release|Any CPU.Build.0 = Release|Any CPU
		{440C7A88-5CEA-4620-9F7C-015486FC0643}.Debug|Any CPU.ActiveCfg = Debug|Any CPU
		{440C7A88-5CEA-4620-9F7C-015486FC0643}.Debug|Any CPU.Build.0 = Debug|Any CPU
		{440C7A88-5CEA-4620-9F7C-015486FC0643}.Release|Any CPU.ActiveCfg = Release|Any CPU
		{440C7A88-5CEA-4620-9F7C-015486FC0643}.Release|Any CPU.Build.0 = Release|Any CPU
		{B2369ADB-509A-4CC1-823C-E68C7C2E45E8}.Debug|Any CPU.ActiveCfg = Debug|Any CPU
		{B2369ADB-509A-4CC1-823C-E68C7C2E45E8}.Debug|Any CPU.Build.0 = Debug|Any CPU
		{B2369ADB-509A-4CC1-823C-E68C7C2E45E8}.Release|Any CPU.ActiveCfg = Release|Any CPU
		{B2369ADB-509A-4CC1-823C-E68C7C2E45E8}.Release|Any CPU.Build.0 = Release|Any CPU
		{965893BA-62FD-45C3-A932-DA2B818320AC}.Debug|Any CPU.ActiveCfg = Debug|Any CPU
		{965893BA-62FD-45C3-A932-DA2B818320AC}.Debug|Any CPU.Build.0 = Debug|Any CPU
		{965893BA-62FD-45C3-A932-DA2B818320AC}.Release|Any CPU.ActiveCfg = Release|Any CPU
		{965893BA-62FD-45C3-A932-DA2B818320AC}.Release|Any CPU.Build.0 = Release|Any CPU
		{52E2FA35-045C-427C-9796-8EEB61002CFD}.Debug|Any CPU.ActiveCfg = Debug|Any CPU
		{52E2FA35-045C-427C-9796-8EEB61002CFD}.Debug|Any CPU.Build.0 = Debug|Any CPU
		{52E2FA35-045C-427C-9796-8EEB61002CFD}.Release|Any CPU.ActiveCfg = Release|Any CPU
		{52E2FA35-045C-427C-9796-8EEB61002CFD}.Release|Any CPU.Build.0 = Release|Any CPU
		{86247E4C-3E06-4001-B20C-7C5E68A48401}.Debug|Any CPU.ActiveCfg = Debug|Any CPU
		{86247E4C-3E06-4001-B20C-7C5E68A48401}.Debug|Any CPU.Build.0 = Debug|Any CPU
		{86247E4C-3E06-4001-B20C-7C5E68A48401}.Release|Any CPU.ActiveCfg = Release|Any CPU
		{86247E4C-3E06-4001-B20C-7C5E68A48401}.Release|Any CPU.Build.0 = Release|Any CPU
		{4E799E25-BAF1-45EF-8805-9B3E20D31181}.Debug|Any CPU.ActiveCfg = Debug|Any CPU
		{4E799E25-BAF1-45EF-8805-9B3E20D31181}.Debug|Any CPU.Build.0 = Debug|Any CPU
		{4E799E25-BAF1-45EF-8805-9B3E20D31181}.Release|Any CPU.ActiveCfg = Release|Any CPU
		{4E799E25-BAF1-45EF-8805-9B3E20D31181}.Release|Any CPU.Build.0 = Release|Any CPU
		{F747B46D-5017-47E9-9422-97272D9268C7}.Debug|Any CPU.ActiveCfg = Debug|Any CPU
		{F747B46D-5017-47E9-9422-97272D9268C7}.Debug|Any CPU.Build.0 = Debug|Any CPU
		{F747B46D-5017-47E9-9422-97272D9268C7}.Release|Any CPU.ActiveCfg = Release|Any CPU
		{F747B46D-5017-47E9-9422-97272D9268C7}.Release|Any CPU.Build.0 = Release|Any CPU
		{A637DC68-EF0B-41A1-A591-F9D5DC0C7D4C}.Debug|Any CPU.ActiveCfg = Debug|Any CPU
		{A637DC68-EF0B-41A1-A591-F9D5DC0C7D4C}.Debug|Any CPU.Build.0 = Debug|Any CPU
		{A637DC68-EF0B-41A1-A591-F9D5DC0C7D4C}.Release|Any CPU.ActiveCfg = Release|Any CPU
		{A637DC68-EF0B-41A1-A591-F9D5DC0C7D4C}.Release|Any CPU.Build.0 = Release|Any CPU
		{7028259A-89EF-4B16-A011-0FD608B7FCD7}.Debug|Any CPU.ActiveCfg = Debug|Any CPU
		{7028259A-89EF-4B16-A011-0FD608B7FCD7}.Debug|Any CPU.Build.0 = Debug|Any CPU
		{7028259A-89EF-4B16-A011-0FD608B7FCD7}.Release|Any CPU.ActiveCfg = Release|Any CPU
		{7028259A-89EF-4B16-A011-0FD608B7FCD7}.Release|Any CPU.Build.0 = Release|Any CPU
		{935EAD8F-F2E9-45F5-86C4-54620EAEBF6F}.Debug|Any CPU.ActiveCfg = Debug|Any CPU
		{935EAD8F-F2E9-45F5-86C4-54620EAEBF6F}.Debug|Any CPU.Build.0 = Debug|Any CPU
		{935EAD8F-F2E9-45F5-86C4-54620EAEBF6F}.Release|Any CPU.ActiveCfg = Release|Any CPU
		{935EAD8F-F2E9-45F5-86C4-54620EAEBF6F}.Release|Any CPU.Build.0 = Release|Any CPU
		{09748B4B-6CF6-4A25-9A06-11073DB227EB}.Debug|Any CPU.ActiveCfg = Debug|Any CPU
		{09748B4B-6CF6-4A25-9A06-11073DB227EB}.Debug|Any CPU.Build.0 = Debug|Any CPU
		{09748B4B-6CF6-4A25-9A06-11073DB227EB}.Release|Any CPU.ActiveCfg = Release|Any CPU
		{09748B4B-6CF6-4A25-9A06-11073DB227EB}.Release|Any CPU.Build.0 = Release|Any CPU
		{EBD78E1C-2A4F-4D19-B08A-DAF144B2CF88}.Debug|Any CPU.ActiveCfg = Debug|Any CPU
		{EBD78E1C-2A4F-4D19-B08A-DAF144B2CF88}.Debug|Any CPU.Build.0 = Debug|Any CPU
		{EBD78E1C-2A4F-4D19-B08A-DAF144B2CF88}.Release|Any CPU.ActiveCfg = Release|Any CPU
		{EBD78E1C-2A4F-4D19-B08A-DAF144B2CF88}.Release|Any CPU.Build.0 = Release|Any CPU
		{F7FB0395-A695-4889-A1AE-64EDFD1F3D26}.Debug|Any CPU.ActiveCfg = Debug|Any CPU
		{F7FB0395-A695-4889-A1AE-64EDFD1F3D26}.Debug|Any CPU.Build.0 = Debug|Any CPU
		{F7FB0395-A695-4889-A1AE-64EDFD1F3D26}.Release|Any CPU.ActiveCfg = Release|Any CPU
		{F7FB0395-A695-4889-A1AE-64EDFD1F3D26}.Release|Any CPU.Build.0 = Release|Any CPU
		{B9AEC7F8-7C43-4EA6-A589-49571D6C0D5A}.Debug|Any CPU.ActiveCfg = Debug|Any CPU
		{B9AEC7F8-7C43-4EA6-A589-49571D6C0D5A}.Debug|Any CPU.Build.0 = Debug|Any CPU
		{B9AEC7F8-7C43-4EA6-A589-49571D6C0D5A}.Release|Any CPU.ActiveCfg = Release|Any CPU
		{B9AEC7F8-7C43-4EA6-A589-49571D6C0D5A}.Release|Any CPU.Build.0 = Release|Any CPU
		{5AA64307-EBBD-48D6-B75B-1E72B02452AD}.Debug|Any CPU.ActiveCfg = Debug|Any CPU
		{5AA64307-EBBD-48D6-B75B-1E72B02452AD}.Debug|Any CPU.Build.0 = Debug|Any CPU
		{5AA64307-EBBD-48D6-B75B-1E72B02452AD}.Release|Any CPU.ActiveCfg = Release|Any CPU
		{5AA64307-EBBD-48D6-B75B-1E72B02452AD}.Release|Any CPU.Build.0 = Release|Any CPU
	EndGlobalSection
	GlobalSection(SolutionProperties) = preSolution
		HideSolutionNode = FALSE
	EndGlobalSection
	GlobalSection(NestedProjects) = preSolution
		{C3B3DC60-18B7-4E03-BAAA-842B0E6E2652} = {BB7466E3-3B73-483F-85BC-58C49BA0ADCA}
		{6BAB1906-B64D-430A-A453-D09119AF7462} = {8D94E2C3-D01C-4D66-8C18-46FF03B58D16}
		{0D512DC6-5544-442B-B4E5-1B6363D416AD} = {8D94E2C3-D01C-4D66-8C18-46FF03B58D16}
		{6E68EC6A-4B6C-4EA8-A3A7-3E550B195727} = {6BAB1906-B64D-430A-A453-D09119AF7462}
		{8452AEC8-1BDC-45D0-8704-00E7902ED58F} = {6BAB1906-B64D-430A-A453-D09119AF7462}
		{73F3DC75-6046-459C-92B8-498807754A77} = {BDD1F0FF-9369-46E5-8491-65D5FD04CA7B}
		{88BA3C9F-27DF-4113-81CE-4459A8BA912B} = {BDD1F0FF-9369-46E5-8491-65D5FD04CA7B}
		{E6460635-13E0-48DC-A0F5-1143B2E9D612} = {0D512DC6-5544-442B-B4E5-1B6363D416AD}
		{49937DC3-7655-42BF-9932-AC66FE4E4BED} = {73F3DC75-6046-459C-92B8-498807754A77}
		{5161C25F-0CC1-4F93-8F20-5099C8AB9714} = {88BA3C9F-27DF-4113-81CE-4459A8BA912B}
		{3413FF34-8EDB-4A9D-A9B1-12B61BEB6DA4} = {BDD1F0FF-9369-46E5-8491-65D5FD04CA7B}
		{E5152DE8-89C1-47F7-8D37-96C53FC070BB} = {3413FF34-8EDB-4A9D-A9B1-12B61BEB6DA4}
		{10FE624F-C074-4899-B120-D47DE183743D} = {BDD1F0FF-9369-46E5-8491-65D5FD04CA7B}
		{440C7A88-5CEA-4620-9F7C-015486FC0643} = {10FE624F-C074-4899-B120-D47DE183743D}
		{B2369ADB-509A-4CC1-823C-E68C7C2E45E8} = {10FE624F-C074-4899-B120-D47DE183743D}
		{965893BA-62FD-45C3-A932-DA2B818320AC} = {D28EB9D3-8A32-4C82-A17D-47D4C789D190}
		{52E2FA35-045C-427C-9796-8EEB61002CFD} = {FD6240CB-4F81-4B87-BB78-59DB99E49408}
		{FDCEB9EE-B3E2-4C0E-8875-BB5CE7387579} = {E9F16076-4B83-4240-BEB4-013878CD7FB5}
		{7666EEB8-DF9F-4BB3-8931-A056763DCB96} = {E9F16076-4B83-4240-BEB4-013878CD7FB5}
		{BDD9B18D-74B4-4DAF-B828-A49290EE9080} = {E9F16076-4B83-4240-BEB4-013878CD7FB5}
		{86247E4C-3E06-4001-B20C-7C5E68A48401} = {FDCEB9EE-B3E2-4C0E-8875-BB5CE7387579}
		{4E799E25-BAF1-45EF-8805-9B3E20D31181} = {7666EEB8-DF9F-4BB3-8931-A056763DCB96}
		{F747B46D-5017-47E9-9422-97272D9268C7} = {BDD9B18D-74B4-4DAF-B828-A49290EE9080}
		{A637DC68-EF0B-41A1-A591-F9D5DC0C7D4C} = {CCADE3C1-06D4-4854-9961-D0343D230D0A}
		{7028259A-89EF-4B16-A011-0FD608B7FCD7} = {5760A31B-CC58-4725-9D1A-F4DC6392AD19}
		{935EAD8F-F2E9-45F5-86C4-54620EAEBF6F} = {2202A3B8-627D-4151-AC6C-FBFFBC03B5E3}
		{09748B4B-6CF6-4A25-9A06-11073DB227EB} = {8FD89CB2-304E-43D4-BE11-0A29AC07E40C}
		{EBD78E1C-2A4F-4D19-B08A-DAF144B2CF88} = {F856A790-830A-4C2D-8577-318BC6A1A71B}
		{F7FB0395-A695-4889-A1AE-64EDFD1F3D26} = {496BDD87-A426-4FC0-AD33-92250B2E7E47}
		{B9AEC7F8-7C43-4EA6-A589-49571D6C0D5A} = {2202A3B8-627D-4151-AC6C-FBFFBC03B5E3}
		{30E8B3E2-74C8-4941-ADCD-FB6F65F14363} = {BDD1F0FF-9369-46E5-8491-65D5FD04CA7B}
		{5AA64307-EBBD-48D6-B75B-1E72B02452AD} = {30E8B3E2-74C8-4941-ADCD-FB6F65F14363}
	EndGlobalSection
	GlobalSection(ExtensibilityGlobals) = postSolution
		SolutionGuid = {97EEEAA3-9316-4DEE-B7C6-EDFAFF1BE126}
	EndGlobalSection
EndGlobal
